
Microsoft Visual Studio Solution File, Format Version 12.00
# Visual Studio 15
VisualStudioVersion = 15.0.28010.2050
MinimumVisualStudioVersion = 10.0.40219.1
Project("{FAE04EC0-301F-11D3-BF4B-00C04F79EFBC}") = "USTConvert", "USTConvert\USTConvert.csproj", "{64696302-159B-4EB4-A60E-965F9A4522E4}"
EndProject
Global
	GlobalSection(SolutionConfigurationPlatforms) = preSolution
		Debug|Any CPU = Debug|Any CPU
		Release|Any CPU = Release|Any CPU
	EndGlobalSection
	GlobalSection(ProjectConfigurationPlatforms) = postSolution
		{64696302-159B-4EB4-A60E-965F9A4522E4}.Debug|Any CPU.ActiveCfg = Debug|Any CPU
		{64696302-159B-4EB4-A60E-965F9A4522E4}.Debug|Any CPU.Build.0 = Debug|Any CPU
		{64696302-159B-4EB4-A60E-965F9A4522E4}.Release|Any CPU.ActiveCfg = Release|Any CPU
		{64696302-159B-4EB4-A60E-965F9A4522E4}.Release|Any CPU.Build.0 = Release|Any CPU
	EndGlobalSection
	GlobalSection(SolutionProperties) = preSolution
		HideSolutionNode = FALSE
	EndGlobalSection
	GlobalSection(ExtensibilityGlobals) = postSolution
		SolutionGuid = {0FAFB390-CA55-4B84-8C44-F6CD021CD8C9}
	EndGlobalSection
EndGlobal
